
Microsoft Visual Studio Solution File, Format Version 12.00
# Visual Studio Version 17
VisualStudioVersion = 17.8.34525.116
MinimumVisualStudioVersion = 10.0.40219.1
Project("{FAE04EC0-301F-11D3-BF4B-00C04F79EFBC}") = "Learningmasterpage", "Learningmasterpage\Learningmasterpage.csproj", "{F2D40031-15AB-46EA-A413-878EC0D9D690}"
EndProject
Global
	GlobalSection(SolutionConfigurationPlatforms) = preSolution
		Debug|Any CPU = Debug|Any CPU
		Release|Any CPU = Release|Any CPU
	EndGlobalSection
	GlobalSection(ProjectConfigurationPlatforms) = postSolution
		{F2D40031-15AB-46EA-A413-878EC0D9D690}.Debug|Any CPU.ActiveCfg = Debug|Any CPU
		{F2D40031-15AB-46EA-A413-878EC0D9D690}.Debug|Any CPU.Build.0 = Debug|Any CPU
		{F2D40031-15AB-46EA-A413-878EC0D9D690}.Release|Any CPU.ActiveCfg = Release|Any CPU
		{F2D40031-15AB-46EA-A413-878EC0D9D690}.Release|Any CPU.Build.0 = Release|Any CPU
	EndGlobalSection
	GlobalSection(SolutionProperties) = preSolution
		HideSolutionNode = FALSE
	EndGlobalSection
	GlobalSection(ExtensibilityGlobals) = postSolution
		SolutionGuid = {AFD20697-9B7A-4602-BBB8-19624670530B}
	EndGlobalSection
EndGlobal
