
Microsoft Visual Studio Solution File, Format Version 12.00
# Visual Studio Version 17
VisualStudioVersion = 17.8.34525.116
MinimumVisualStudioVersion = 10.0.40219.1
Project("{FAE04EC0-301F-11D3-BF4B-00C04F79EFBC}") = "FirstWebApplication", "FirstWebApplication\FirstWebApplication.csproj", "{B0EB56A0-40B5-4AB8-911E-541E6E048D19}"
EndProject
Global
	GlobalSection(SolutionConfigurationPlatforms) = preSolution
		Debug|Any CPU = Debug|Any CPU
		Release|Any CPU = Release|Any CPU
	EndGlobalSection
	GlobalSection(ProjectConfigurationPlatforms) = postSolution
		{B0EB56A0-40B5-4AB8-911E-541E6E048D19}.Debug|Any CPU.ActiveCfg = Debug|Any CPU
		{B0EB56A0-40B5-4AB8-911E-541E6E048D19}.Debug|Any CPU.Build.0 = Debug|Any CPU
		{B0EB56A0-40B5-4AB8-911E-541E6E048D19}.Release|Any CPU.ActiveCfg = Release|Any CPU
		{B0EB56A0-40B5-4AB8-911E-541E6E048D19}.Release|Any CPU.Build.0 = Release|Any CPU
	EndGlobalSection
	GlobalSection(SolutionProperties) = preSolution
		HideSolutionNode = FALSE
	EndGlobalSection
	GlobalSection(ExtensibilityGlobals) = postSolution
		SolutionGuid = {6460EE69-24A6-4E7F-B7E0-ECDE290EDAF3}
	EndGlobalSection
EndGlobal
