
Microsoft Visual Studio Solution File, Format Version 12.00
# Visual Studio Version 17
VisualStudioVersion = 17.8.34525.116
MinimumVisualStudioVersion = 10.0.40219.1
Project("{FAE04EC0-301F-11D3-BF4B-00C04F79EFBC}") = "Calculator", "Calculator\Calculator.csproj", "{076F9066-43AD-4278-A112-A991FE7F9877}"
EndProject
Global
	GlobalSection(SolutionConfigurationPlatforms) = preSolution
		Debug|Any CPU = Debug|Any CPU
		Release|Any CPU = Release|Any CPU
	EndGlobalSection
	GlobalSection(ProjectConfigurationPlatforms) = postSolution
		{076F9066-43AD-4278-A112-A991FE7F9877}.Debug|Any CPU.ActiveCfg = Debug|Any CPU
		{076F9066-43AD-4278-A112-A991FE7F9877}.Debug|Any CPU.Build.0 = Debug|Any CPU
		{076F9066-43AD-4278-A112-A991FE7F9877}.Release|Any CPU.ActiveCfg = Release|Any CPU
		{076F9066-43AD-4278-A112-A991FE7F9877}.Release|Any CPU.Build.0 = Release|Any CPU
	EndGlobalSection
	GlobalSection(SolutionProperties) = preSolution
		HideSolutionNode = FALSE
	EndGlobalSection
	GlobalSection(ExtensibilityGlobals) = postSolution
		SolutionGuid = {A871060E-62C8-4C4E-B937-C19D28070D2C}
	EndGlobalSection
EndGlobal
